{
  "nodes": {
    "nixpkgs": {
      "locked": {
        "lastModified": 1722682858,
        "narHash": "sha256-Z9Xjjbqbxu6M0/smALqzDWnr3dfXJRKffxuR3hVIFDk=",
        "owner": "NixOS",
        "repo": "nixpkgs",
        "rev": "ef6a56e11f41625d0259a86db2da07f66119f192",
        "type": "github"
      },
      "original": {
        "id": "nixpkgs",
        "type": "indirect"
      }
    },
    "root": {
      "inputs": {
        "nixpkgs": "nixpkgs"
      }
    }
  },
  "root": "root",
  "version": 7
}
